// !$*UTF8*$!
{
	archiveVersion = 1;
	classes = {
	};
	objectVersion = 60;
	objects = {

/* Begin PBXBuildFile section */
		276F49DF2C21E74500E878FB /* CategoryHome.swift in Sources */ = {isa = PBXBuildFile; fileRef = 276F49DE2C21E74500E878FB /* CategoryHome.swift */; };
		276F49E12C21FFAD00E878FB /* CategoryRow.swift in Sources */ = {isa = PBXBuildFile; fileRef = 276F49E02C21FFAD00E878FB /* CategoryRow.swift */; };
		276F49E32C2203F200E878FB /* CategoryItem.swift in Sources */ = {isa = PBXBuildFile; fileRef = 276F49E22C2203F200E878FB /* CategoryItem.swift */; };
		276F49E52C223AFC00E878FB /* Profile.swift in Sources */ = {isa = PBXBuildFile; fileRef = 276F49E42C223AFC00E878FB /* Profile.swift */; };
		276F49E82C223D5500E878FB /* ProfileHost.swift in Sources */ = {isa = PBXBuildFile; fileRef = 276F49E72C223D5500E878FB /* ProfileHost.swift */; };
		276F49EA2C223E0B00E878FB /* ProfileSummary.swift in Sources */ = {isa = PBXBuildFile; fileRef = 276F49E92C223E0B00E878FB /* ProfileSummary.swift */; };
		276F49EC2C2248E200E878FB /* HikeBadge.swift in Sources */ = {isa = PBXBuildFile; fileRef = 276F49EB2C2248E200E878FB /* HikeBadge.swift */; };
		276F49EE2C22755100E878FB /* ProfileEditor.swift in Sources */ = {isa = PBXBuildFile; fileRef = 276F49ED2C22755100E878FB /* ProfileEditor.swift */; };
		277515782C1D52190047279E /* FavoriteButton.swift in Sources */ = {isa = PBXBuildFile; fileRef = 277515772C1D52190047279E /* FavoriteButton.swift */; };
		2775157C2C1E7B420047279E /* HexagonParameters.swift in Sources */ = {isa = PBXBuildFile; fileRef = 2775157B2C1E7B420047279E /* HexagonParameters.swift */; };
		2775157E2C1E7BF40047279E /* BadgeBackground.swift in Sources */ = {isa = PBXBuildFile; fileRef = 2775157D2C1E7BF40047279E /* BadgeBackground.swift */; };
		277515802C1E7F450047279E /* BadgeSymbol.swift in Sources */ = {isa = PBXBuildFile; fileRef = 2775157F2C1E7F450047279E /* BadgeSymbol.swift */; };
		277515822C1E7F850047279E /* RotatedBadgeSymbol.swift in Sources */ = {isa = PBXBuildFile; fileRef = 277515812C1E7F850047279E /* RotatedBadgeSymbol.swift */; };
		277515842C1E7FB60047279E /* Badge.swift in Sources */ = {isa = PBXBuildFile; fileRef = 277515832C1E7FB60047279E /* Badge.swift */; };
		277515872C20906F0047279E /* hikeData.json in Resources */ = {isa = PBXBuildFile; fileRef = 277515862C20906F0047279E /* hikeData.json */; };
		277515892C2090BE0047279E /* Hike.swift in Sources */ = {isa = PBXBuildFile; fileRef = 277515882C2090BE0047279E /* Hike.swift */; };
		2775158F2C2096FF0047279E /* GraphCapsule.swift in Sources */ = {isa = PBXBuildFile; fileRef = 2775158A2C2096FF0047279E /* GraphCapsule.swift */; };
		277515902C2096FF0047279E /* HikeDetail.swift in Sources */ = {isa = PBXBuildFile; fileRef = 2775158B2C2096FF0047279E /* HikeDetail.swift */; };
		277515912C2096FF0047279E /* HikeGraph.swift in Sources */ = {isa = PBXBuildFile; fileRef = 2775158C2C2096FF0047279E /* HikeGraph.swift */; };
		277515922C2096FF0047279E /* HikeView.swift in Sources */ = {isa = PBXBuildFile; fileRef = 2775158D2C2096FF0047279E /* HikeView.swift */; };
		277F1F952C24DEB0001A768C /* PageViewController.swift in Sources */ = {isa = PBXBuildFile; fileRef = 277F1F942C24DEB0001A768C /* PageViewController.swift */; };
		277F1F972C252B7D001A768C /* FeatureCard.swift in Sources */ = {isa = PBXBuildFile; fileRef = 277F1F962C252B7D001A768C /* FeatureCard.swift */; };
		277F1F992C252D12001A768C /* PageView.swift in Sources */ = {isa = PBXBuildFile; fileRef = 277F1F982C252D12001A768C /* PageView.swift */; };
		277F1F9B2C253142001A768C /* PageControl.swift in Sources */ = {isa = PBXBuildFile; fileRef = 277F1F9A2C253142001A768C /* PageControl.swift */; };
		27AC51802C1BD24400FF1A64 /* LandmarksApp.swift in Sources */ = {isa = PBXBuildFile; fileRef = 27AC517F2C1BD24400FF1A64 /* LandmarksApp.swift */; };
		27AC51822C1BD24400FF1A64 /* ContentView.swift in Sources */ = {isa = PBXBuildFile; fileRef = 27AC51812C1BD24400FF1A64 /* ContentView.swift */; };
		27AC51842C1BD24500FF1A64 /* Assets.xcassets in Resources */ = {isa = PBXBuildFile; fileRef = 27AC51832C1BD24500FF1A64 /* Assets.xcassets */; };
		27AC51872C1BD24500FF1A64 /* Preview Assets.xcassets in Resources */ = {isa = PBXBuildFile; fileRef = 27AC51862C1BD24500FF1A64 /* Preview Assets.xcassets */; };
		27AC51912C1BD24500FF1A64 /* LandmarksTests.swift in Sources */ = {isa = PBXBuildFile; fileRef = 27AC51902C1BD24500FF1A64 /* LandmarksTests.swift */; };
		27AC519B2C1BD24500FF1A64 /* LandmarksUITests.swift in Sources */ = {isa = PBXBuildFile; fileRef = 27AC519A2C1BD24500FF1A64 /* LandmarksUITests.swift */; };
		27AC519D2C1BD24500FF1A64 /* LandmarksUITestsLaunchTests.swift in Sources */ = {isa = PBXBuildFile; fileRef = 27AC519C2C1BD24500FF1A64 /* LandmarksUITestsLaunchTests.swift */; };
		27AC51AC2C1BD77100FF1A64 /* CircleImage.swift in Sources */ = {isa = PBXBuildFile; fileRef = 27AC51AB2C1BD77100FF1A64 /* CircleImage.swift */; };
		27AC51AE2C1BD88900FF1A64 /* MapView.swift in Sources */ = {isa = PBXBuildFile; fileRef = 27AC51AD2C1BD88900FF1A64 /* MapView.swift */; };
		27AC51B02C1BEC5100FF1A64 /* landmarkData.json in Resources */ = {isa = PBXBuildFile; fileRef = 27AC51AF2C1BEC5100FF1A64 /* landmarkData.json */; };
		27AC51B22C1BEC7A00FF1A64 /* Landmark.swift in Sources */ = {isa = PBXBuildFile; fileRef = 27AC51B12C1BEC7A00FF1A64 /* Landmark.swift */; };
		27AC51B42C1BEF0300FF1A64 /* ModelData.swift in Sources */ = {isa = PBXBuildFile; fileRef = 27AC51B32C1BEF0200FF1A64 /* ModelData.swift */; };
		27AC51B92C1BF60C00FF1A64 /* LandmarkRow.swift in Sources */ = {isa = PBXBuildFile; fileRef = 27AC51B82C1BF60C00FF1A64 /* LandmarkRow.swift */; };
		27AC51BB2C1BF91100FF1A64 /* LandmarkList.swift in Sources */ = {isa = PBXBuildFile; fileRef = 27AC51BA2C1BF91100FF1A64 /* LandmarkList.swift */; };
		27AC51BD2C1BFA1F00FF1A64 /* LandmarkDetail.swift in Sources */ = {isa = PBXBuildFile; fileRef = 27AC51BC2C1BFA1F00FF1A64 /* LandmarkDetail.swift */; };
/* End PBXBuildFile section */

/* Begin PBXContainerItemProxy section */
		27AC518D2C1BD24500FF1A64 /* PBXContainerItemProxy */ = {
			isa = PBXContainerItemProxy;
			containerPortal = 27AC51742C1BD24400FF1A64 /* Project object */;
			proxyType = 1;
			remoteGlobalIDString = 27AC517B2C1BD24400FF1A64;
			remoteInfo = Landmarks;
		};
		27AC51972C1BD24500FF1A64 /* PBXContainerItemProxy */ = {
			isa = PBXContainerItemProxy;
			containerPortal = 27AC51742C1BD24400FF1A64 /* Project object */;
			proxyType = 1;
			remoteGlobalIDString = 27AC517B2C1BD24400FF1A64;
			remoteInfo = Landmarks;
		};
/* End PBXContainerItemProxy section */

/* Begin PBXFileReference section */
		276F49DE2C21E74500E878FB /* CategoryHome.swift */ = {isa = PBXFileReference; lastKnownFileType = sourcecode.swift; path = CategoryHome.swift; sourceTree = "<group>"; };
		276F49E02C21FFAD00E878FB /* CategoryRow.swift */ = {isa = PBXFileReference; lastKnownFileType = sourcecode.swift; path = CategoryRow.swift; sourceTree = "<group>"; };
		276F49E22C2203F200E878FB /* CategoryItem.swift */ = {isa = PBXFileReference; lastKnownFileType = sourcecode.swift; path = CategoryItem.swift; sourceTree = "<group>"; };
		276F49E42C223AFC00E878FB /* Profile.swift */ = {isa = PBXFileReference; lastKnownFileType = sourcecode.swift; path = Profile.swift; sourceTree = "<group>"; };
		276F49E72C223D5500E878FB /* ProfileHost.swift */ = {isa = PBXFileReference; lastKnownFileType = sourcecode.swift; path = ProfileHost.swift; sourceTree = "<group>"; };
		276F49E92C223E0B00E878FB /* ProfileSummary.swift */ = {isa = PBXFileReference; lastKnownFileType = sourcecode.swift; path = ProfileSummary.swift; sourceTree = "<group>"; };
		276F49EB2C2248E200E878FB /* HikeBadge.swift */ = {isa = PBXFileReference; lastKnownFileType = sourcecode.swift; path = HikeBadge.swift; sourceTree = "<group>"; };
		276F49ED2C22755100E878FB /* ProfileEditor.swift */ = {isa = PBXFileReference; lastKnownFileType = sourcecode.swift; path = ProfileEditor.swift; sourceTree = "<group>"; };
		277515772C1D52190047279E /* FavoriteButton.swift */ = {isa = PBXFileReference; lastKnownFileType = sourcecode.swift; path = FavoriteButton.swift; sourceTree = "<group>"; };
		2775157B2C1E7B420047279E /* HexagonParameters.swift */ = {isa = PBXFileReference; lastKnownFileType = sourcecode.swift; path = HexagonParameters.swift; sourceTree = "<group>"; };
		2775157D2C1E7BF40047279E /* BadgeBackground.swift */ = {isa = PBXFileReference; lastKnownFileType = sourcecode.swift; path = BadgeBackground.swift; sourceTree = "<group>"; };
		2775157F2C1E7F450047279E /* BadgeSymbol.swift */ = {isa = PBXFileReference; lastKnownFileType = sourcecode.swift; path = BadgeSymbol.swift; sourceTree = "<group>"; };
		277515812C1E7F850047279E /* RotatedBadgeSymbol.swift */ = {isa = PBXFileReference; lastKnownFileType = sourcecode.swift; path = RotatedBadgeSymbol.swift; sourceTree = "<group>"; };
		277515832C1E7FB60047279E /* Badge.swift */ = {isa = PBXFileReference; lastKnownFileType = sourcecode.swift; path = Badge.swift; sourceTree = "<group>"; };
		277515862C20906F0047279E /* hikeData.json */ = {isa = PBXFileReference; lastKnownFileType = text.json; path = hikeData.json; sourceTree = "<group>"; };
		277515882C2090BE0047279E /* Hike.swift */ = {isa = PBXFileReference; lastKnownFileType = sourcecode.swift; path = Hike.swift; sourceTree = "<group>"; };
		2775158A2C2096FF0047279E /* GraphCapsule.swift */ = {isa = PBXFileReference; lastKnownFileType = sourcecode.swift; path = GraphCapsule.swift; sourceTree = "<group>"; };
		2775158B2C2096FF0047279E /* HikeDetail.swift */ = {isa = PBXFileReference; lastKnownFileType = sourcecode.swift; path = HikeDetail.swift; sourceTree = "<group>"; };
		2775158C2C2096FF0047279E /* HikeGraph.swift */ = {isa = PBXFileReference; lastKnownFileType = sourcecode.swift; path = HikeGraph.swift; sourceTree = "<group>"; };
		2775158D2C2096FF0047279E /* HikeView.swift */ = {isa = PBXFileReference; lastKnownFileType = sourcecode.swift; path = HikeView.swift; sourceTree = "<group>"; };
		277F1F942C24DEB0001A768C /* PageViewController.swift */ = {isa = PBXFileReference; lastKnownFileType = sourcecode.swift; path = PageViewController.swift; sourceTree = "<group>"; };
		277F1F962C252B7D001A768C /* FeatureCard.swift */ = {isa = PBXFileReference; lastKnownFileType = sourcecode.swift; path = FeatureCard.swift; sourceTree = "<group>"; };
		277F1F982C252D12001A768C /* PageView.swift */ = {isa = PBXFileReference; lastKnownFileType = sourcecode.swift; path = PageView.swift; sourceTree = "<group>"; };
		277F1F9A2C253142001A768C /* PageControl.swift */ = {isa = PBXFileReference; lastKnownFileType = sourcecode.swift; path = PageControl.swift; sourceTree = "<group>"; };
		27AC517C2C1BD24400FF1A64 /* Landmarks.app */ = {isa = PBXFileReference; explicitFileType = wrapper.application; includeInIndex = 0; path = Landmarks.app; sourceTree = BUILT_PRODUCTS_DIR; };
		27AC517F2C1BD24400FF1A64 /* LandmarksApp.swift */ = {isa = PBXFileReference; lastKnownFileType = sourcecode.swift; path = LandmarksApp.swift; sourceTree = "<group>"; };
		27AC51812C1BD24400FF1A64 /* ContentView.swift */ = {isa = PBXFileReference; lastKnownFileType = sourcecode.swift; path = ContentView.swift; sourceTree = "<group>"; };
		27AC51832C1BD24500FF1A64 /* Assets.xcassets */ = {isa = PBXFileReference; lastKnownFileType = folder.assetcatalog; path = Assets.xcassets; sourceTree = "<group>"; };
		27AC51862C1BD24500FF1A64 /* Preview Assets.xcassets */ = {isa = PBXFileReference; lastKnownFileType = folder.assetcatalog; path = "Preview Assets.xcassets"; sourceTree = "<group>"; };
		27AC518C2C1BD24500FF1A64 /* LandmarksTests.xctest */ = {isa = PBXFileReference; explicitFileType = wrapper.cfbundle; includeInIndex = 0; path = LandmarksTests.xctest; sourceTree = BUILT_PRODUCTS_DIR; };
		27AC51902C1BD24500FF1A64 /* LandmarksTests.swift */ = {isa = PBXFileReference; lastKnownFileType = sourcecode.swift; path = LandmarksTests.swift; sourceTree = "<group>"; };
		27AC51962C1BD24500FF1A64 /* LandmarksUITests.xctest */ = {isa = PBXFileReference; explicitFileType = wrapper.cfbundle; includeInIndex = 0; path = LandmarksUITests.xctest; sourceTree = BUILT_PRODUCTS_DIR; };
		27AC519A2C1BD24500FF1A64 /* LandmarksUITests.swift */ = {isa = PBXFileReference; lastKnownFileType = sourcecode.swift; path = LandmarksUITests.swift; sourceTree = "<group>"; };
		27AC519C2C1BD24500FF1A64 /* LandmarksUITestsLaunchTests.swift */ = {isa = PBXFileReference; lastKnownFileType = sourcecode.swift; path = LandmarksUITestsLaunchTests.swift; sourceTree = "<group>"; };
		27AC51AB2C1BD77100FF1A64 /* CircleImage.swift */ = {isa = PBXFileReference; lastKnownFileType = sourcecode.swift; path = CircleImage.swift; sourceTree = "<group>"; };
		27AC51AD2C1BD88900FF1A64 /* MapView.swift */ = {isa = PBXFileReference; lastKnownFileType = sourcecode.swift; path = MapView.swift; sourceTree = "<group>"; };
		27AC51AF2C1BEC5100FF1A64 /* landmarkData.json */ = {isa = PBXFileReference; lastKnownFileType = text.json; path = landmarkData.json; sourceTree = "<group>"; };
		27AC51B12C1BEC7A00FF1A64 /* Landmark.swift */ = {isa = PBXFileReference; lastKnownFileType = sourcecode.swift; path = Landmark.swift; sourceTree = "<group>"; };
		27AC51B32C1BEF0200FF1A64 /* ModelData.swift */ = {isa = PBXFileReference; lastKnownFileType = sourcecode.swift; path = ModelData.swift; sourceTree = "<group>"; };
		27AC51B82C1BF60C00FF1A64 /* LandmarkRow.swift */ = {isa = PBXFileReference; lastKnownFileType = sourcecode.swift; path = LandmarkRow.swift; sourceTree = "<group>"; };
		27AC51BA2C1BF91100FF1A64 /* LandmarkList.swift */ = {isa = PBXFileReference; lastKnownFileType = sourcecode.swift; path = LandmarkList.swift; sourceTree = "<group>"; };
		27AC51BC2C1BFA1F00FF1A64 /* LandmarkDetail.swift */ = {isa = PBXFileReference; lastKnownFileType = sourcecode.swift; path = LandmarkDetail.swift; sourceTree = "<group>"; };
/* End PBXFileReference section */

/* Begin PBXFrameworksBuildPhase section */
		27AC51792C1BD24400FF1A64 /* Frameworks */ = {
			isa = PBXFrameworksBuildPhase;
			buildActionMask = 2147483647;
			files = (
			);
			runOnlyForDeploymentPostprocessing = 0;
		};
		27AC51892C1BD24500FF1A64 /* Frameworks */ = {
			isa = PBXFrameworksBuildPhase;
			buildActionMask = 2147483647;
			files = (
			);
			runOnlyForDeploymentPostprocessing = 0;
		};
		27AC51932C1BD24500FF1A64 /* Frameworks */ = {
			isa = PBXFrameworksBuildPhase;
			buildActionMask = 2147483647;
			files = (
			);
			runOnlyForDeploymentPostprocessing = 0;
		};
/* End PBXFrameworksBuildPhase section */

/* Begin PBXGroup section */
		276F49DD2C21E72900E878FB /* Categories */ = {
			isa = PBXGroup;
			children = (
				276F49DE2C21E74500E878FB /* CategoryHome.swift */,
				276F49E02C21FFAD00E878FB /* CategoryRow.swift */,
				276F49E22C2203F200E878FB /* CategoryItem.swift */,
			);
			path = Categories;
			sourceTree = "<group>";
		};
		276F49E62C223CD400E878FB /* Profile */ = {
			isa = PBXGroup;
			children = (
				276F49E72C223D5500E878FB /* ProfileHost.swift */,
				276F49E92C223E0B00E878FB /* ProfileSummary.swift */,
				276F49ED2C22755100E878FB /* ProfileEditor.swift */,
			);
			path = Profile;
			sourceTree = "<group>";
		};
		277515792C1D52FD0047279E /* Landmarks */ = {
			isa = PBXGroup;
			children = (
				27AC51B82C1BF60C00FF1A64 /* LandmarkRow.swift */,
				27AC51BA2C1BF91100FF1A64 /* LandmarkList.swift */,
				27AC51BC2C1BFA1F00FF1A64 /* LandmarkDetail.swift */,
			);
			path = Landmarks;
			sourceTree = "<group>";
		};
		2775157A2C1D53100047279E /* Helper */ = {
			isa = PBXGroup;
			children = (
				27AC51AB2C1BD77100FF1A64 /* CircleImage.swift */,
				27AC51AD2C1BD88900FF1A64 /* MapView.swift */,
				277515772C1D52190047279E /* FavoriteButton.swift */,
			);
			path = Helper;
			sourceTree = "<group>";
		};
		277515852C1E7FD50047279E /* Badges */ = {
			isa = PBXGroup;
			children = (
				2775157B2C1E7B420047279E /* HexagonParameters.swift */,
				2775157D2C1E7BF40047279E /* BadgeBackground.swift */,
				2775157F2C1E7F450047279E /* BadgeSymbol.swift */,
				277515812C1E7F850047279E /* RotatedBadgeSymbol.swift */,
				277515832C1E7FB60047279E /* Badge.swift */,
			);
			path = Badges;
			sourceTree = "<group>";
		};
		2775158E2C2096FF0047279E /* Hikes */ = {
			isa = PBXGroup;
			children = (
				2775158A2C2096FF0047279E /* GraphCapsule.swift */,
				2775158B2C2096FF0047279E /* HikeDetail.swift */,
				2775158C2C2096FF0047279E /* HikeGraph.swift */,
				2775158D2C2096FF0047279E /* HikeView.swift */,
				276F49EB2C2248E200E878FB /* HikeBadge.swift */,
			);
			path = Hikes;
			sourceTree = "<group>";
		};
		277F1F932C24DE82001A768C /* PageView */ = {
			isa = PBXGroup;
			children = (
				277F1F942C24DEB0001A768C /* PageViewController.swift */,
				277F1F962C252B7D001A768C /* FeatureCard.swift */,
				277F1F982C252D12001A768C /* PageView.swift */,
				277F1F9A2C253142001A768C /* PageControl.swift */,
			);
			path = PageView;
			sourceTree = "<group>";
		};
		27AC51732C1BD24400FF1A64 = {
			isa = PBXGroup;
			children = (
				27AC517E2C1BD24400FF1A64 /* Landmarks */,
				27AC518F2C1BD24500FF1A64 /* LandmarksTests */,
				27AC51992C1BD24500FF1A64 /* LandmarksUITests */,
				27AC517D2C1BD24400FF1A64 /* Products */,
			);
			sourceTree = "<group>";
		};
		27AC517D2C1BD24400FF1A64 /* Products */ = {
			isa = PBXGroup;
			children = (
				27AC517C2C1BD24400FF1A64 /* Landmarks.app */,
				27AC518C2C1BD24500FF1A64 /* LandmarksTests.xctest */,
				27AC51962C1BD24500FF1A64 /* LandmarksUITests.xctest */,
			);
			name = Products;
			sourceTree = "<group>";
		};
		27AC517E2C1BD24400FF1A64 /* Landmarks */ = {
			isa = PBXGroup;
			children = (
				27AC517F2C1BD24400FF1A64 /* LandmarksApp.swift */,
				27AC51B62C1BF53B00FF1A64 /* Model */,
				27AC51B72C1BF58C00FF1A64 /* Resources */,
				27AC51B52C1BF52500FF1A64 /* Views */,
				27AC51832C1BD24500FF1A64 /* Assets.xcassets */,
				27AC51852C1BD24500FF1A64 /* Preview Content */,
			);
			path = Landmarks;
			sourceTree = "<group>";
		};
		27AC51852C1BD24500FF1A64 /* Preview Content */ = {
			isa = PBXGroup;
			children = (
				27AC51862C1BD24500FF1A64 /* Preview Assets.xcassets */,
			);
			path = "Preview Content";
			sourceTree = "<group>";
		};
		27AC518F2C1BD24500FF1A64 /* LandmarksTests */ = {
			isa = PBXGroup;
			children = (
				27AC51902C1BD24500FF1A64 /* LandmarksTests.swift */,
			);
			path = LandmarksTests;
			sourceTree = "<group>";
		};
		27AC51992C1BD24500FF1A64 /* LandmarksUITests */ = {
			isa = PBXGroup;
			children = (
				27AC519A2C1BD24500FF1A64 /* LandmarksUITests.swift */,
				27AC519C2C1BD24500FF1A64 /* LandmarksUITestsLaunchTests.swift */,
			);
			path = LandmarksUITests;
			sourceTree = "<group>";
		};
		27AC51B52C1BF52500FF1A64 /* Views */ = {
			isa = PBXGroup;
			children = (
				27AC51812C1BD24400FF1A64 /* ContentView.swift */,
				277F1F932C24DE82001A768C /* PageView */,
				276F49E62C223CD400E878FB /* Profile */,
				277515852C1E7FD50047279E /* Badges */,
				276F49DD2C21E72900E878FB /* Categories */,
				2775157A2C1D53100047279E /* Helper */,
				2775158E2C2096FF0047279E /* Hikes */,
				277515792C1D52FD0047279E /* Landmarks */,
			);
			path = Views;
			sourceTree = "<group>";
		};
		27AC51B62C1BF53B00FF1A64 /* Model */ = {
			isa = PBXGroup;
			children = (
				27AC51B12C1BEC7A00FF1A64 /* Landmark.swift */,
				27AC51B32C1BEF0200FF1A64 /* ModelData.swift */,
				277515882C2090BE0047279E /* Hike.swift */,
				276F49E42C223AFC00E878FB /* Profile.swift */,
			);
			path = Model;
			sourceTree = "<group>";
		};
		27AC51B72C1BF58C00FF1A64 /* Resources */ = {
			isa = PBXGroup;
			children = (
				277515862C20906F0047279E /* hikeData.json */,
				27AC51AF2C1BEC5100FF1A64 /* landmarkData.json */,
			);
			path = Resources;
			sourceTree = "<group>";
		};
/* End PBXGroup section */

/* Begin PBXNativeTarget section */
		27AC517B2C1BD24400FF1A64 /* Landmarks */ = {
			isa = PBXNativeTarget;
			buildConfigurationList = 27AC51A02C1BD24500FF1A64 /* Build configuration list for PBXNativeTarget "Landmarks" */;
			buildPhases = (
				27AC51782C1BD24400FF1A64 /* Sources */,
				27AC51792C1BD24400FF1A64 /* Frameworks */,
				27AC517A2C1BD24400FF1A64 /* Resources */,
			);
			buildRules = (
			);
			dependencies = (
			);
			name = Landmarks;
			productName = Landmarks;
			productReference = 27AC517C2C1BD24400FF1A64 /* Landmarks.app */;
			productType = "com.apple.product-type.application";
		};
		27AC518B2C1BD24500FF1A64 /* LandmarksTests */ = {
			isa = PBXNativeTarget;
			buildConfigurationList = 27AC51A32C1BD24500FF1A64 /* Build configuration list for PBXNativeTarget "LandmarksTests" */;
			buildPhases = (
				27AC51882C1BD24500FF1A64 /* Sources */,
				27AC51892C1BD24500FF1A64 /* Frameworks */,
				27AC518A2C1BD24500FF1A64 /* Resources */,
			);
			buildRules = (
			);
			dependencies = (
				27AC518E2C1BD24500FF1A64 /* PBXTargetDependency */,
			);
			name = LandmarksTests;
			productName = LandmarksTests;
			productReference = 27AC518C2C1BD24500FF1A64 /* LandmarksTests.xctest */;
			productType = "com.apple.product-type.bundle.unit-test";
		};
		27AC51952C1BD24500FF1A64 /* LandmarksUITests */ = {
			isa = PBXNativeTarget;
			buildConfigurationList = 27AC51A62C1BD24500FF1A64 /* Build configuration list for PBXNativeTarget "LandmarksUITests" */;
			buildPhases = (
				27AC51922C1BD24500FF1A64 /* Sources */,
				27AC51932C1BD24500FF1A64 /* Frameworks */,
				27AC51942C1BD24500FF1A64 /* Resources */,
			);
			buildRules = (
			);
			dependencies = (
				27AC51982C1BD24500FF1A64 /* PBXTargetDependency */,
			);
			name = LandmarksUITests;
			productName = LandmarksUITests;
			productReference = 27AC51962C1BD24500FF1A64 /* LandmarksUITests.xctest */;
			productType = "com.apple.product-type.bundle.ui-testing";
		};
/* End PBXNativeTarget section */

/* Begin PBXProject section */
		27AC51742C1BD24400FF1A64 /* Project object */ = {
			isa = PBXProject;
			attributes = {
				BuildIndependentTargetsInParallel = 1;
				LastSwiftUpdateCheck = 1600;
				LastUpgradeCheck = 1600;
				TargetAttributes = {
					27AC517B2C1BD24400FF1A64 = {
						CreatedOnToolsVersion = 16.0;
					};
					27AC518B2C1BD24500FF1A64 = {
						CreatedOnToolsVersion = 16.0;
						TestTargetID = 27AC517B2C1BD24400FF1A64;
					};
					27AC51952C1BD24500FF1A64 = {
						CreatedOnToolsVersion = 16.0;
						TestTargetID = 27AC517B2C1BD24400FF1A64;
					};
				};
			};
			buildConfigurationList = 27AC51772C1BD24400FF1A64 /* Build configuration list for PBXProject "Landmarks" */;
			compatibilityVersion = "Xcode 15.0";
			developmentRegion = en;
			hasScannedForEncodings = 0;
			knownRegions = (
				en,
				Base,
			);
			mainGroup = 27AC51732C1BD24400FF1A64;
			productRefGroup = 27AC517D2C1BD24400FF1A64 /* Products */;
			projectDirPath = "";
			projectRoot = "";
			targets = (
				27AC517B2C1BD24400FF1A64 /* Landmarks */,
				27AC518B2C1BD24500FF1A64 /* LandmarksTests */,
				27AC51952C1BD24500FF1A64 /* LandmarksUITests */,
			);
		};
/* End PBXProject section */

/* Begin PBXResourcesBuildPhase section */
		27AC517A2C1BD24400FF1A64 /* Resources */ = {
			isa = PBXResourcesBuildPhase;
			buildActionMask = 2147483647;
			files = (
				277515872C20906F0047279E /* hikeData.json in Resources */,
				27AC51872C1BD24500FF1A64 /* Preview Assets.xcassets in Resources */,
				27AC51842C1BD24500FF1A64 /* Assets.xcassets in Resources */,
				27AC51B02C1BEC5100FF1A64 /* landmarkData.json in Resources */,
			);
			runOnlyForDeploymentPostprocessing = 0;
		};
		27AC518A2C1BD24500FF1A64 /* Resources */ = {
			isa = PBXResourcesBuildPhase;
			buildActionMask = 2147483647;
			files = (
			);
			runOnlyForDeploymentPostprocessing = 0;
		};
		27AC51942C1BD24500FF1A64 /* Resources */ = {
			isa = PBXResourcesBuildPhase;
			buildActionMask = 2147483647;
			files = (
			);
			runOnlyForDeploymentPostprocessing = 0;
		};
/* End PBXResourcesBuildPhase section */

/* Begin PBXSourcesBuildPhase section */
		27AC51782C1BD24400FF1A64 /* Sources */ = {
			isa = PBXSourcesBuildPhase;
			buildActionMask = 2147483647;
			files = (
				276F49E12C21FFAD00E878FB /* CategoryRow.swift in Sources */,
				276F49E52C223AFC00E878FB /* Profile.swift in Sources */,
				27AC51822C1BD24400FF1A64 /* ContentView.swift in Sources */,
				276F49DF2C21E74500E878FB /* CategoryHome.swift in Sources */,
				277F1F972C252B7D001A768C /* FeatureCard.swift in Sources */,
				277515842C1E7FB60047279E /* Badge.swift in Sources */,
				27AC51B42C1BEF0300FF1A64 /* ModelData.swift in Sources */,
				27AC51AE2C1BD88900FF1A64 /* MapView.swift in Sources */,
				277515782C1D52190047279E /* FavoriteButton.swift in Sources */,
				2775157C2C1E7B420047279E /* HexagonParameters.swift in Sources */,
				277F1F9B2C253142001A768C /* PageControl.swift in Sources */,
				277515892C2090BE0047279E /* Hike.swift in Sources */,
				276F49E32C2203F200E878FB /* CategoryItem.swift in Sources */,
				277515822C1E7F850047279E /* RotatedBadgeSymbol.swift in Sources */,
				276F49EA2C223E0B00E878FB /* ProfileSummary.swift in Sources */,
				277515802C1E7F450047279E /* BadgeSymbol.swift in Sources */,
				27AC51BB2C1BF91100FF1A64 /* LandmarkList.swift in Sources */,
				27AC51BD2C1BFA1F00FF1A64 /* LandmarkDetail.swift in Sources */,
				2775157E2C1E7BF40047279E /* BadgeBackground.swift in Sources */,
				277F1F992C252D12001A768C /* PageView.swift in Sources */,
				27AC51802C1BD24400FF1A64 /* LandmarksApp.swift in Sources */,
				276F49EE2C22755100E878FB /* ProfileEditor.swift in Sources */,
				27AC51AC2C1BD77100FF1A64 /* CircleImage.swift in Sources */,
				2775158F2C2096FF0047279E /* GraphCapsule.swift in Sources */,
				276F49E82C223D5500E878FB /* ProfileHost.swift in Sources */,
				277F1F952C24DEB0001A768C /* PageViewController.swift in Sources */,
				277515902C2096FF0047279E /* HikeDetail.swift in Sources */,
				276F49EC2C2248E200E878FB /* HikeBadge.swift in Sources */,
				277515912C2096FF0047279E /* HikeGraph.swift in Sources */,
				277515922C2096FF0047279E /* HikeView.swift in Sources */,
				27AC51B92C1BF60C00FF1A64 /* LandmarkRow.swift in Sources */,
				27AC51B22C1BEC7A00FF1A64 /* Landmark.swift in Sources */,
			);
			runOnlyForDeploymentPostprocessing = 0;
		};
		27AC51882C1BD24500FF1A64 /* Sources */ = {
			isa = PBXSourcesBuildPhase;
			buildActionMask = 2147483647;
			files = (
				27AC51912C1BD24500FF1A64 /* LandmarksTests.swift in Sources */,
			);
			runOnlyForDeploymentPostprocessing = 0;
		};
		27AC51922C1BD24500FF1A64 /* Sources */ = {
			isa = PBXSourcesBuildPhase;
			buildActionMask = 2147483647;
			files = (
				27AC519D2C1BD24500FF1A64 /* LandmarksUITestsLaunchTests.swift in Sources */,
				27AC519B2C1BD24500FF1A64 /* LandmarksUITests.swift in Sources */,
			);
			runOnlyForDeploymentPostprocessing = 0;
		};
/* End PBXSourcesBuildPhase section */

/* Begin PBXTargetDependency section */
		27AC518E2C1BD24500FF1A64 /* PBXTargetDependency */ = {
			isa = PBXTargetDependency;
			target = 27AC517B2C1BD24400FF1A64 /* Landmarks */;
			targetProxy = 27AC518D2C1BD24500FF1A64 /* PBXContainerItemProxy */;
		};
		27AC51982C1BD24500FF1A64 /* PBXTargetDependency */ = {
			isa = PBXTargetDependency;
			target = 27AC517B2C1BD24400FF1A64 /* Landmarks */;
			targetProxy = 27AC51972C1BD24500FF1A64 /* PBXContainerItemProxy */;
		};
/* End PBXTargetDependency section */

/* Begin XCBuildConfiguration section */
		27AC519E2C1BD24500FF1A64 /* Debug */ = {
			isa = XCBuildConfiguration;
			buildSettings = {
				ALWAYS_SEARCH_USER_PATHS = NO;
				ASSETCATALOG_COMPILER_GENERATE_SWIFT_ASSET_SYMBOL_EXTENSIONS = YES;
				CLANG_ANALYZER_NONNULL = YES;
				CLANG_ANALYZER_NUMBER_OBJECT_CONVERSION = YES_AGGRESSIVE;
				CLANG_CXX_LANGUAGE_STANDARD = "gnu++20";
				CLANG_ENABLE_MODULES = YES;
				CLANG_ENABLE_OBJC_ARC = YES;
				CLANG_ENABLE_OBJC_WEAK = YES;
				CLANG_WARN_BLOCK_CAPTURE_AUTORELEASING = YES;
				CLANG_WARN_BOOL_CONVERSION = YES;
				CLANG_WARN_COMMA = YES;
				CLANG_WARN_CONSTANT_CONVERSION = YES;
				CLANG_WARN_DEPRECATED_OBJC_IMPLEMENTATIONS = YES;
				CLANG_WARN_DIRECT_OBJC_ISA_USAGE = YES_ERROR;
				CLANG_WARN_DOCUMENTATION_COMMENTS = YES;
				CLANG_WARN_EMPTY_BODY = YES;
				CLANG_WARN_ENUM_CONVERSION = YES;
				CLANG_WARN_INFINITE_RECURSION = YES;
				CLANG_WARN_INT_CONVERSION = YES;
				CLANG_WARN_NON_LITERAL_NULL_CONVERSION = YES;
				CLANG_WARN_OBJC_IMPLICIT_RETAIN_SELF = YES;
				CLANG_WARN_OBJC_LITERAL_CONVERSION = YES;
				CLANG_WARN_OBJC_ROOT_CLASS = YES_ERROR;
				CLANG_WARN_QUOTED_INCLUDE_IN_FRAMEWORK_HEADER = YES;
				CLANG_WARN_RANGE_LOOP_ANALYSIS = YES;
				CLANG_WARN_STRICT_PROTOTYPES = YES;
				CLANG_WARN_SUSPICIOUS_MOVE = YES;
				CLANG_WARN_UNGUARDED_AVAILABILITY = YES_AGGRESSIVE;
				CLANG_WARN_UNREACHABLE_CODE = YES;
				CLANG_WARN__DUPLICATE_METHOD_MATCH = YES;
				COPY_PHASE_STRIP = NO;
				DEBUG_INFORMATION_FORMAT = dwarf;
				ENABLE_STRICT_OBJC_MSGSEND = YES;
				ENABLE_TESTABILITY = YES;
				ENABLE_USER_SCRIPT_SANDBOXING = YES;
				GCC_C_LANGUAGE_STANDARD = gnu17;
				GCC_DYNAMIC_NO_PIC = NO;
				GCC_NO_COMMON_BLOCKS = YES;
				GCC_OPTIMIZATION_LEVEL = 0;
				GCC_PREPROCESSOR_DEFINITIONS = (
					"DEBUG=1",
					"$(inherited)",
				);
				GCC_WARN_64_TO_32_BIT_CONVERSION = YES;
				GCC_WARN_ABOUT_RETURN_TYPE = YES_ERROR;
				GCC_WARN_UNDECLARED_SELECTOR = YES;
				GCC_WARN_UNINITIALIZED_AUTOS = YES_AGGRESSIVE;
				GCC_WARN_UNUSED_FUNCTION = YES;
				GCC_WARN_UNUSED_VARIABLE = YES;
				IPHONEOS_DEPLOYMENT_TARGET = 18.0;
				LOCALIZATION_PREFERS_STRING_CATALOGS = YES;
				MTL_ENABLE_DEBUG_INFO = INCLUDE_SOURCE;
				MTL_FAST_MATH = YES;
				ONLY_ACTIVE_ARCH = YES;
				SDKROOT = iphoneos;
				SWIFT_ACTIVE_COMPILATION_CONDITIONS = "DEBUG $(inherited)";
				SWIFT_OPTIMIZATION_LEVEL = "-Onone";
			};
			name = Debug;
		};
		27AC519F2C1BD24500FF1A64 /* Release */ = {
			isa = XCBuildConfiguration;
			buildSettings = {
				ALWAYS_SEARCH_USER_PATHS = NO;
				ASSETCATALOG_COMPILER_GENERATE_SWIFT_ASSET_SYMBOL_EXTENSIONS = YES;
				CLANG_ANALYZER_NONNULL = YES;
				CLANG_ANALYZER_NUMBER_OBJECT_CONVERSION = YES_AGGRESSIVE;
				CLANG_CXX_LANGUAGE_STANDARD = "gnu++20";
				CLANG_ENABLE_MODULES = YES;
				CLANG_ENABLE_OBJC_ARC = YES;
				CLANG_ENABLE_OBJC_WEAK = YES;
				CLANG_WARN_BLOCK_CAPTURE_AUTORELEASING = YES;
				CLANG_WARN_BOOL_CONVERSION = YES;
				CLANG_WARN_COMMA = YES;
				CLANG_WARN_CONSTANT_CONVERSION = YES;
				CLANG_WARN_DEPRECATED_OBJC_IMPLEMENTATIONS = YES;
				CLANG_WARN_DIRECT_OBJC_ISA_USAGE = YES_ERROR;
				CLANG_WARN_DOCUMENTATION_COMMENTS = YES;
				CLANG_WARN_EMPTY_BODY = YES;
				CLANG_WARN_ENUM_CONVERSION = YES;
				CLANG_WARN_INFINITE_RECURSION = YES;
				CLANG_WARN_INT_CONVERSION = YES;
				CLANG_WARN_NON_LITERAL_NULL_CONVERSION = YES;
				CLANG_WARN_OBJC_IMPLICIT_RETAIN_SELF = YES;
				CLANG_WARN_OBJC_LITERAL_CONVERSION = YES;
				CLANG_WARN_OBJC_ROOT_CLASS = YES_ERROR;
				CLANG_WARN_QUOTED_INCLUDE_IN_FRAMEWORK_HEADER = YES;
				CLANG_WARN_RANGE_LOOP_ANALYSIS = YES;
				CLANG_WARN_STRICT_PROTOTYPES = YES;
				CLANG_WARN_SUSPICIOUS_MOVE = YES;
				CLANG_WARN_UNGUARDED_AVAILABILITY = YES_AGGRESSIVE;
				CLANG_WARN_UNREACHABLE_CODE = YES;
				CLANG_WARN__DUPLICATE_METHOD_MATCH = YES;
				COPY_PHASE_STRIP = NO;
				DEBUG_INFORMATION_FORMAT = "dwarf-with-dsym";
				ENABLE_NS_ASSERTIONS = NO;
				ENABLE_STRICT_OBJC_MSGSEND = YES;
				ENABLE_USER_SCRIPT_SANDBOXING = YES;
				GCC_C_LANGUAGE_STANDARD = gnu17;
				GCC_NO_COMMON_BLOCKS = YES;
				GCC_WARN_64_TO_32_BIT_CONVERSION = YES;
				GCC_WARN_ABOUT_RETURN_TYPE = YES_ERROR;
				GCC_WARN_UNDECLARED_SELECTOR = YES;
				GCC_WARN_UNINITIALIZED_AUTOS = YES_AGGRESSIVE;
				GCC_WARN_UNUSED_FUNCTION = YES;
				GCC_WARN_UNUSED_VARIABLE = YES;
				IPHONEOS_DEPLOYMENT_TARGET = 18.0;
				LOCALIZATION_PREFERS_STRING_CATALOGS = YES;
				MTL_ENABLE_DEBUG_INFO = NO;
				MTL_FAST_MATH = YES;
				SDKROOT = iphoneos;
				SWIFT_COMPILATION_MODE = wholemodule;
				VALIDATE_PRODUCT = YES;
			};
			name = Release;
		};
		27AC51A12C1BD24500FF1A64 /* Debug */ = {
			isa = XCBuildConfiguration;
			buildSettings = {
				ASSETCATALOG_COMPILER_APPICON_NAME = AppIcon;
				ASSETCATALOG_COMPILER_GLOBAL_ACCENT_COLOR_NAME = AccentColor;
				CODE_SIGN_STYLE = Automatic;
				CURRENT_PROJECT_VERSION = 1;
				DEVELOPMENT_ASSET_PATHS = "\"Landmarks/Preview Content\"";
				DEVELOPMENT_TEAM = L9L8W9MRSP;
				ENABLE_PREVIEWS = YES;
				GENERATE_INFOPLIST_FILE = YES;
				INFOPLIST_KEY_UIApplicationSceneManifest_Generation = YES;
				INFOPLIST_KEY_UIApplicationSupportsIndirectInputEvents = YES;
				INFOPLIST_KEY_UILaunchScreen_Generation = YES;
				INFOPLIST_KEY_UISupportedInterfaceOrientations_iPad = "UIInterfaceOrientationPortrait UIInterfaceOrientationPortraitUpsideDown UIInterfaceOrientationLandscapeLeft UIInterfaceOrientationLandscapeRight";
				INFOPLIST_KEY_UISupportedInterfaceOrientations_iPhone = "UIInterfaceOrientationPortrait UIInterfaceOrientationLandscapeLeft UIInterfaceOrientationLandscapeRight";
				LD_RUNPATH_SEARCH_PATHS = (
					"$(inherited)",
					"@executable_path/Frameworks",
				);
				MARKETING_VERSION = 1.0;
				PRODUCT_BUNDLE_IDENTIFIER = com.alexulanch.Landmarks;
				PRODUCT_NAME = "$(TARGET_NAME)";
				SWIFT_EMIT_LOC_STRINGS = YES;
				SWIFT_VERSION = 5.0;
				TARGETED_DEVICE_FAMILY = "1,2";
			};
			name = Debug;
		};
		27AC51A22C1BD24500FF1A64 /* Release */ = {
			isa = XCBuildConfiguration;
			buildSettings = {
				ASSETCATALOG_COMPILER_APPICON_NAME = AppIcon;
				ASSETCATALOG_COMPILER_GLOBAL_ACCENT_COLOR_NAME = AccentColor;
				CODE_SIGN_STYLE = Automatic;
				CURRENT_PROJECT_VERSION = 1;
				DEVELOPMENT_ASSET_PATHS = "\"Landmarks/Preview Content\"";
				DEVELOPMENT_TEAM = L9L8W9MRSP;
				ENABLE_PREVIEWS = YES;
				GENERATE_INFOPLIST_FILE = YES;
				INFOPLIST_KEY_UIApplicationSceneManifest_Generation = YES;
				INFOPLIST_KEY_UIApplicationSupportsIndirectInputEvents = YES;
				INFOPLIST_KEY_UILaunchScreen_Generation = YES;
				INFOPLIST_KEY_UISupportedInterfaceOrientations_iPad = "UIInterfaceOrientationPortrait UIInterfaceOrientationPortraitUpsideDown UIInterfaceOrientationLandscapeLeft UIInterfaceOrientationLandscapeRight";
				INFOPLIST_KEY_UISupportedInterfaceOrientations_iPhone = "UIInterfaceOrientationPortrait UIInterfaceOrientationLandscapeLeft UIInterfaceOrientationLandscapeRight";
				LD_RUNPATH_SEARCH_PATHS = (
					"$(inherited)",
					"@executable_path/Frameworks",
				);
				MARKETING_VERSION = 1.0;
				PRODUCT_BUNDLE_IDENTIFIER = com.alexulanch.Landmarks;
				PRODUCT_NAME = "$(TARGET_NAME)";
				SWIFT_EMIT_LOC_STRINGS = YES;
				SWIFT_VERSION = 5.0;
				TARGETED_DEVICE_FAMILY = "1,2";
			};
			name = Release;
		};
		27AC51A42C1BD24500FF1A64 /* Debug */ = {
			isa = XCBuildConfiguration;
			buildSettings = {
				BUNDLE_LOADER = "$(TEST_HOST)";
				CODE_SIGN_STYLE = Automatic;
				CURRENT_PROJECT_VERSION = 1;
				DEVELOPMENT_TEAM = L9L8W9MRSP;
				GENERATE_INFOPLIST_FILE = YES;
				IPHONEOS_DEPLOYMENT_TARGET = 18.0;
				MARKETING_VERSION = 1.0;
				PRODUCT_BUNDLE_IDENTIFIER = com.alexulanch.LandmarksTests;
				PRODUCT_NAME = "$(TARGET_NAME)";
				SWIFT_EMIT_LOC_STRINGS = NO;
				SWIFT_VERSION = 5.0;
				TARGETED_DEVICE_FAMILY = "1,2";
				TEST_HOST = "$(BUILT_PRODUCTS_DIR)/Landmarks.app/$(BUNDLE_EXECUTABLE_FOLDER_PATH)/Landmarks";
			};
			name = Debug;
		};
		27AC51A52C1BD24500FF1A64 /* Release */ = {
			isa = XCBuildConfiguration;
			buildSettings = {
				BUNDLE_LOADER = "$(TEST_HOST)";
				CODE_SIGN_STYLE = Automatic;
				CURRENT_PROJECT_VERSION = 1;
				DEVELOPMENT_TEAM = L9L8W9MRSP;
				GENERATE_INFOPLIST_FILE = YES;
				IPHONEOS_DEPLOYMENT_TARGET = 18.0;
				MARKETING_VERSION = 1.0;
				PRODUCT_BUNDLE_IDENTIFIER = com.alexulanch.LandmarksTests;
				PRODUCT_NAME = "$(TARGET_NAME)";
				SWIFT_EMIT_LOC_STRINGS = NO;
				SWIFT_VERSION = 5.0;
				TARGETED_DEVICE_FAMILY = "1,2";
				TEST_HOST = "$(BUILT_PRODUCTS_DIR)/Landmarks.app/$(BUNDLE_EXECUTABLE_FOLDER_PATH)/Landmarks";
			};
			name = Release;
		};
		27AC51A72C1BD24500FF1A64 /* Debug */ = {
			isa = XCBuildConfiguration;
			buildSettings = {
				CODE_SIGN_STYLE = Automatic;
				CURRENT_PROJECT_VERSION = 1;
				DEVELOPMENT_TEAM = L9L8W9MRSP;
				GENERATE_INFOPLIST_FILE = YES;
				MARKETING_VERSION = 1.0;
				PRODUCT_BUNDLE_IDENTIFIER = com.alexulanch.LandmarksUITests;
				PRODUCT_NAME = "$(TARGET_NAME)";
				SWIFT_EMIT_LOC_STRINGS = NO;
				SWIFT_VERSION = 5.0;
				TARGETED_DEVICE_FAMILY = "1,2";
				TEST_TARGET_NAME = Landmarks;
			};
			name = Debug;
		};
		27AC51A82C1BD24500FF1A64 /* Release */ = {
			isa = XCBuildConfiguration;
			buildSettings = {
				CODE_SIGN_STYLE = Automatic;
				CURRENT_PROJECT_VERSION = 1;
				DEVELOPMENT_TEAM = L9L8W9MRSP;
				GENERATE_INFOPLIST_FILE = YES;
				MARKETING_VERSION = 1.0;
				PRODUCT_BUNDLE_IDENTIFIER = com.alexulanch.LandmarksUITests;
				PRODUCT_NAME = "$(TARGET_NAME)";
				SWIFT_EMIT_LOC_STRINGS = NO;
				SWIFT_VERSION = 5.0;
				TARGETED_DEVICE_FAMILY = "1,2";
				TEST_TARGET_NAME = Landmarks;
			};
			name = Release;
		};
/* End XCBuildConfiguration section */

/* Begin XCConfigurationList section */
		27AC51772C1BD24400FF1A64 /* Build configuration list for PBXProject "Landmarks" */ = {
			isa = XCConfigurationList;
			buildConfigurations = (
				27AC519E2C1BD24500FF1A64 /* Debug */,
				27AC519F2C1BD24500FF1A64 /* Release */,
			);
			defaultConfigurationIsVisible = 0;
			defaultConfigurationName = Release;
		};
		27AC51A02C1BD24500FF1A64 /* Build configuration list for PBXNativeTarget "Landmarks" */ = {
			isa = XCConfigurationList;
			buildConfigurations = (
				27AC51A12C1BD24500FF1A64 /* Debug */,
				27AC51A22C1BD24500FF1A64 /* Release */,
			);
			defaultConfigurationIsVisible = 0;
			defaultConfigurationName = Release;
		};
		27AC51A32C1BD24500FF1A64 /* Build configuration list for PBXNativeTarget "LandmarksTests" */ = {
			isa = XCConfigurationList;
			buildConfigurations = (
				27AC51A42C1BD24500FF1A64 /* Debug */,
				27AC51A52C1BD24500FF1A64 /* Release */,
			);
			defaultConfigurationIsVisible = 0;
			defaultConfigurationName = Release;
		};
		27AC51A62C1BD24500FF1A64 /* Build configuration list for PBXNativeTarget "LandmarksUITests" */ = {
			isa = XCConfigurationList;
			buildConfigurations = (
				27AC51A72C1BD24500FF1A64 /* Debug */,
				27AC51A82C1BD24500FF1A64 /* Release */,
			);
			defaultConfigurationIsVisible = 0;
			defaultConfigurationName = Release;
		};
/* End XCConfigurationList section */
	};
	rootObject = 27AC51742C1BD24400FF1A64 /* Project object */;
}
